
Microsoft Visual Studio Solution File, Format Version 12.00
# Visual Studio Version 16
VisualStudioVersion = 16.0.31613.86
MinimumVisualStudioVersion = 10.0.40219.1
Project("{FAE04EC0-301F-11D3-BF4B-00C04F79EFBC}") = "KampIntro", "KampIntro\KampIntro.csproj", "{83B8CA05-42EA-4041-B271-DB9EA335C2E8}"
EndProject
Project("{FAE04EC0-301F-11D3-BF4B-00C04F79EFBC}") = "Donguler", "Donguler\Donguler.csproj", "{764CEC69-077F-4049-BB9D-45146AB8A27B}"
EndProject
Project("{FAE04EC0-301F-11D3-BF4B-00C04F79EFBC}") = "ClassIntro", "ClassIntro\ClassIntro.csproj", "{5CCC6053-E119-48BF-BA41-E99382360D88}"
EndProject
Project("{FAE04EC0-301F-11D3-BF4B-00C04F79EFBC}") = "Metotlar", "Metotlar\Metotlar.csproj", "{B4963072-01FF-44A4-814D-B4D618749B46}"
EndProject
Project("{FAE04EC0-301F-11D3-BF4B-00C04F79EFBC}") = "Matematik", "Matematik\Matematik.csproj", "{3F37554A-8C64-47EA-8631-63AAC6A02E8A}"
EndProject
Project("{FAE04EC0-301F-11D3-BF4B-00C04F79EFBC}") = "DegerVeReferansTipler", "DegerVeReferansTipler\DegerVeReferansTipler.csproj", "{4EBAED74-F4BB-4FA5-8904-F0F536D005F3}"
EndProject
Project("{FAE04EC0-301F-11D3-BF4B-00C04F79EFBC}") = "OOP1", "OOP1\OOP1.csproj", "{EDC6CA91-F68B-4928-BBE0-5AD5855AB787}"
EndProject
Project("{FAE04EC0-301F-11D3-BF4B-00C04F79EFBC}") = "Koleksiyonlar", "Koleksiyonlar\Koleksiyonlar.csproj", "{EF8B7577-7212-4044-81BD-54098867F916}"
EndProject
Project("{FAE04EC0-301F-11D3-BF4B-00C04F79EFBC}") = "Genericsİntro", "Genericsİntro\Genericsİntro.csproj", "{A816D1BA-0C75-4E1B-9F80-FC21578B5144}"
EndProject
Project("{FAE04EC0-301F-11D3-BF4B-00C04F79EFBC}") = "OOP2", "OOP2\OOP2.csproj", "{EEAD3687-2B20-41DB-BB54-652C407EA5C3}"
EndProject
Project("{FAE04EC0-301F-11D3-BF4B-00C04F79EFBC}") = "OOP3", "OOP3\OOP3.csproj", "{62266862-4029-472D-B977-574D374246DB}"
EndProject
Global
	GlobalSection(SolutionConfigurationPlatforms) = preSolution
		Debug|Any CPU = Debug|Any CPU
		Release|Any CPU = Release|Any CPU
	EndGlobalSection
	GlobalSection(ProjectConfigurationPlatforms) = postSolution
		{83B8CA05-42EA-4041-B271-DB9EA335C2E8}.Debug|Any CPU.ActiveCfg = Debug|Any CPU
		{83B8CA05-42EA-4041-B271-DB9EA335C2E8}.Debug|Any CPU.Build.0 = Debug|Any CPU
		{83B8CA05-42EA-4041-B271-DB9EA335C2E8}.Release|Any CPU.ActiveCfg = Release|Any CPU
		{83B8CA05-42EA-4041-B271-DB9EA335C2E8}.Release|Any CPU.Build.0 = Release|Any CPU
		{764CEC69-077F-4049-BB9D-45146AB8A27B}.Debug|Any CPU.ActiveCfg = Debug|Any CPU
		{764CEC69-077F-4049-BB9D-45146AB8A27B}.Debug|Any CPU.Build.0 = Debug|Any CPU
		{764CEC69-077F-4049-BB9D-45146AB8A27B}.Release|Any CPU.ActiveCfg = Release|Any CPU
		{764CEC69-077F-4049-BB9D-45146AB8A27B}.Release|Any CPU.Build.0 = Release|Any CPU
		{5CCC6053-E119-48BF-BA41-E99382360D88}.Debug|Any CPU.ActiveCfg = Debug|Any CPU
		{5CCC6053-E119-48BF-BA41-E99382360D88}.Debug|Any CPU.Build.0 = Debug|Any CPU
		{5CCC6053-E119-48BF-BA41-E99382360D88}.Release|Any CPU.ActiveCfg = Release|Any CPU
		{5CCC6053-E119-48BF-BA41-E99382360D88}.Release|Any CPU.Build.0 = Release|Any CPU
		{B4963072-01FF-44A4-814D-B4D618749B46}.Debug|Any CPU.ActiveCfg = Debug|Any CPU
		{B4963072-01FF-44A4-814D-B4D618749B46}.Debug|Any CPU.Build.0 = Debug|Any CPU
		{B4963072-01FF-44A4-814D-B4D618749B46}.Release|Any CPU.ActiveCfg = Release|Any CPU
		{B4963072-01FF-44A4-814D-B4D618749B46}.Release|Any CPU.Build.0 = Release|Any CPU
		{3F37554A-8C64-47EA-8631-63AAC6A02E8A}.Debug|Any CPU.ActiveCfg = Debug|Any CPU
		{3F37554A-8C64-47EA-8631-63AAC6A02E8A}.Debug|Any CPU.Build.0 = Debug|Any CPU
		{3F37554A-8C64-47EA-8631-63AAC6A02E8A}.Release|Any CPU.ActiveCfg = Release|Any CPU
		{3F37554A-8C64-47EA-8631-63AAC6A02E8A}.Release|Any CPU.Build.0 = Release|Any CPU
		{4EBAED74-F4BB-4FA5-8904-F0F536D005F3}.Debug|Any CPU.ActiveCfg = Debug|Any CPU
		{4EBAED74-F4BB-4FA5-8904-F0F536D005F3}.Debug|Any CPU.Build.0 = Debug|Any CPU
		{4EBAED74-F4BB-4FA5-8904-F0F536D005F3}.Release|Any CPU.ActiveCfg = Release|Any CPU
		{4EBAED74-F4BB-4FA5-8904-F0F536D005F3}.Release|Any CPU.Build.0 = Release|Any CPU
		{EDC6CA91-F68B-4928-BBE0-5AD5855AB787}.Debug|Any CPU.ActiveCfg = Debug|Any CPU
		{EDC6CA91-F68B-4928-BBE0-5AD5855AB787}.Debug|Any CPU.Build.0 = Debug|Any CPU
		{EDC6CA91-F68B-4928-BBE0-5AD5855AB787}.Release|Any CPU.ActiveCfg = Release|Any CPU
		{EDC6CA91-F68B-4928-BBE0-5AD5855AB787}.Release|Any CPU.Build.0 = Release|Any CPU
		{EF8B7577-7212-4044-81BD-54098867F916}.Debug|Any CPU.ActiveCfg = Debug|Any CPU
		{EF8B7577-7212-4044-81BD-54098867F916}.Debug|Any CPU.Build.0 = Debug|Any CPU
		{EF8B7577-7212-4044-81BD-54098867F916}.Release|Any CPU.ActiveCfg = Release|Any CPU
		{EF8B7577-7212-4044-81BD-54098867F916}.Release|Any CPU.Build.0 = Release|Any CPU
		{A816D1BA-0C75-4E1B-9F80-FC21578B5144}.Debug|Any CPU.ActiveCfg = Debug|Any CPU
		{A816D1BA-0C75-4E1B-9F80-FC21578B5144}.Debug|Any CPU.Build.0 = Debug|Any CPU
		{A816D1BA-0C75-4E1B-9F80-FC21578B5144}.Release|Any CPU.ActiveCfg = Release|Any CPU
		{A816D1BA-0C75-4E1B-9F80-FC21578B5144}.Release|Any CPU.Build.0 = Release|Any CPU
		{EEAD3687-2B20-41DB-BB54-652C407EA5C3}.Debug|Any CPU.ActiveCfg = Debug|Any CPU
		{EEAD3687-2B20-41DB-BB54-652C407EA5C3}.Debug|Any CPU.Build.0 = Debug|Any CPU
		{EEAD3687-2B20-41DB-BB54-652C407EA5C3}.Release|Any CPU.ActiveCfg = Release|Any CPU
		{EEAD3687-2B20-41DB-BB54-652C407EA5C3}.Release|Any CPU.Build.0 = Release|Any CPU
		{62266862-4029-472D-B977-574D374246DB}.Debug|Any CPU.ActiveCfg = Debug|Any CPU
		{62266862-4029-472D-B977-574D374246DB}.Debug|Any CPU.Build.0 = Debug|Any CPU
		{62266862-4029-472D-B977-574D374246DB}.Release|Any CPU.ActiveCfg = Release|Any CPU
		{62266862-4029-472D-B977-574D374246DB}.Release|Any CPU.Build.0 = Release|Any CPU
	EndGlobalSection
	GlobalSection(SolutionProperties) = preSolution
		HideSolutionNode = FALSE
	EndGlobalSection
	GlobalSection(ExtensibilityGlobals) = postSolution
		SolutionGuid = {0DA7F786-A84F-4B14-83C3-9BF447389F5D}
	EndGlobalSection
EndGlobal
